
Microsoft Visual Studio Solution File, Format Version 12.00
# Visual Studio Version 17
VisualStudioVersion = 17.13.35806.99 d17.13
MinimumVisualStudioVersion = 10.0.40219.1
Project("{8BC9CEB8-8B4A-11D0-8D11-00A0C91BC942}") = "Pointers & Ref", "Pointers & Ref\Pointers & Ref.vcxproj", "{127AA21F-69E5-42D8-B6EE-31140A7DB410}"
EndProject
Global
	GlobalSection(SolutionConfigurationPlatforms) = preSolution
		Debug|x64 = Debug|x64
		Debug|x86 = Debug|x86
		Release|x64 = Release|x64
		Release|x86 = Release|x86
	EndGlobalSection
	GlobalSection(ProjectConfigurationPlatforms) = postSolution
		{127AA21F-69E5-42D8-B6EE-31140A7DB410}.Debug|x64.ActiveCfg = Debug|x64
		{127AA21F-69E5-42D8-B6EE-31140A7DB410}.Debug|x64.Build.0 = Debug|x64
		{127AA21F-69E5-42D8-B6EE-31140A7DB410}.Debug|x86.ActiveCfg = Debug|Win32
		{127AA21F-69E5-42D8-B6EE-31140A7DB410}.Debug|x86.Build.0 = Debug|Win32
		{127AA21F-69E5-42D8-B6EE-31140A7DB410}.Release|x64.ActiveCfg = Release|x64
		{127AA21F-69E5-42D8-B6EE-31140A7DB410}.Release|x64.Build.0 = Release|x64
		{127AA21F-69E5-42D8-B6EE-31140A7DB410}.Release|x86.ActiveCfg = Release|Win32
		{127AA21F-69E5-42D8-B6EE-31140A7DB410}.Release|x86.Build.0 = Release|Win32
	EndGlobalSection
	GlobalSection(SolutionProperties) = preSolution
		HideSolutionNode = FALSE
	EndGlobalSection
	GlobalSection(ExtensibilityGlobals) = postSolution
		SolutionGuid = {4E391CD9-89CE-429A-94A0-951DA6658B9F}
	EndGlobalSection
EndGlobal
